PODS:
  - FirstPod (0.0.1)
  - SecondPod (0.0.1)

DEPENDENCIES:
  - FirstPod (from `../FirstPod`)
  - SecondPod (from `../SecondPod`)

EXTERNAL SOURCES:
  FirstPod:
    :path: "../FirstPod"
  SecondPod:
    :path: "../SecondPod"

SPEC CHECKSUMS:
  FirstPod: c822ec38448f33624a893f6acf4a8efa76170717
  SecondPod: b16b1417bf33c92ae03ccb4fe5eb19d7b63bc2c9

PODFILE CHECKSUM: da13365faab18fb3ed163209675ae1461c4af0a3

COCOAPODS: 1.16.2
